github.com/dmji/qs v0.0.0-20250121125841-fd973e8ae793 h1:hwOrNR0KeRnTyq5RRQYhj4+ijoHpqSi5tbptiQooI7o=
github.com/dmji/qs v0.0.0-20250121125841-fd973e8ae793/go.mod h1:vANTmZfg1aJtMWXDOylJqReQDpY9gy7x2tXgj4+pKeo=
golang.org/x/oauth2 v0.30.0 h1:dnDm7JmhM45NNpd8FDDeLhK6FwqbOf4MLCM9zb1BOHI=
golang.org/x/oauth2 v0.30.0/go.mod h1:B++QgG3ZKulg6sRPGD/mqlHQs5rB3Ml9erfeDY7xKlU=
golang.org/x/text v0.25.0 h1:qVyWApTSYLk/drJRO5mDlNYskwQznZmkpV2c8q9zls4=
golang.org/x/text v0.25.0/go.mod h1:WEdwpYrmk1qmdHvhkSTNPm3app7v4rsT8F2UD6+VHIA=
